// !$*UTF8*$!
{
	archiveVersion = 1;
	classes = {
	};
	objectVersion = 50;
	objects = {

/* Begin PBXBuildFile section */
		56D5A2A825BC8BB0000951D5 /* HelloWorldForTVApp.swift in Sources */ = {isa = PBXBuildFile; fileRef = 56D5A2A725BC8BB0000951D5 /* HelloWorldForTVApp.swift */; };
		56D5A2AA25BC8BB0000951D5 /* ContentView.swift in Sources */ = {isa = PBXBuildFile; fileRef = 56D5A2A925BC8BB0000951D5 /* ContentView.swift */; };
		56D5A2AC25BC8BB1000951D5 /* Assets.xcassets in Resources */ = {isa = PBXBuildFile; fileRef = 56D5A2AB25BC8BB1000951D5 /* Assets.xcassets */; };
		56D5A2AF25BC8BB1000951D5 /* Preview Assets.xcassets in Resources */ = {isa = PBXBuildFile; fileRef = 56D5A2AE25BC8BB1000951D5 /* Preview Assets.xcassets */; };
		56D5A2BA25BC8BB1000951D5 /* HelloWorldForTVTests.swift in Sources */ = {isa = PBXBuildFile; fileRef = 56D5A2B925BC8BB1000951D5 /* HelloWorldForTVTests.swift */; };
		56D5A2C525BC8BB1000951D5 /* HelloWorldForTVUITests.swift in Sources */ = {isa = PBXBuildFile; fileRef = 56D5A2C425BC8BB1000951D5 /* HelloWorldForTVUITests.swift */; };
/* End PBXBuildFile section */

/* Begin PBXContainerItemProxy section */
		56D5A2B625BC8BB1000951D5 /* PBXContainerItemProxy */ = {
			isa = PBXContainerItemProxy;
			containerPortal = 56D5A29C25BC8BB0000951D5 /* Project object */;
			proxyType = 1;
			remoteGlobalIDString = 56D5A2A325BC8BB0000951D5;
			remoteInfo = HelloWorldForTV;
		};
		56D5A2C125BC8BB1000951D5 /* PBXContainerItemProxy */ = {
			isa = PBXContainerItemProxy;
			containerPortal = 56D5A29C25BC8BB0000951D5 /* Project object */;
			proxyType = 1;
			remoteGlobalIDString = 56D5A2A325BC8BB0000951D5;
			remoteInfo = HelloWorldForTV;
		};
/* End PBXContainerItemProxy section */

/* Begin PBXFileReference section */
		56D5A2A425BC8BB0000951D5 /* HelloWorldForTV.app */ = {isa = PBXFileReference; explicitFileType = wrapper.application; includeInIndex = 0; path = HelloWorldForTV.app; sourceTree = BUILT_PRODUCTS_DIR; };
		56D5A2A725BC8BB0000951D5 /* HelloWorldForTVApp.swift */ = {isa = PBXFileReference; lastKnownFileType = sourcecode.swift; path = HelloWorldForTVApp.swift; sourceTree = "<group>"; };
		56D5A2A925BC8BB0000951D5 /* ContentView.swift */ = {isa = PBXFileReference; lastKnownFileType = sourcecode.swift; path = ContentView.swift; sourceTree = "<group>"; };
		56D5A2AB25BC8BB1000951D5 /* Assets.xcassets */ = {isa = PBXFileReference; lastKnownFileType = folder.assetcatalog; path = Assets.xcassets; sourceTree = "<group>"; };
		56D5A2AE25BC8BB1000951D5 /* Preview Assets.xcassets */ = {isa = PBXFileReference; lastKnownFileType = folder.assetcatalog; path = "Preview Assets.xcassets"; sourceTree = "<group>"; };
		56D5A2B025BC8BB1000951D5 /* Info.plist */ = {isa = PBXFileReference; lastKnownFileType = text.plist.xml; path = Info.plist; sourceTree = "<group>"; };
		56D5A2B525BC8BB1000951D5 /* HelloWorldForTVTests.xctest */ = {isa = PBXFileReference; explicitFileType = wrapper.cfbundle; includeInIndex = 0; path = HelloWorldForTVTests.xctest; sourceTree = BUILT_PRODUCTS_DIR; };
		56D5A2B925BC8BB1000951D5 /* HelloWorldForTVTests.swift */ = {isa = PBXFileReference; lastKnownFileType = sourcecode.swift; path = HelloWorldForTVTests.swift; sourceTree = "<group>"; };
		56D5A2BB25BC8BB1000951D5 /* Info.plist */ = {isa = PBXFileReference; lastKnownFileType = text.plist.xml; path = Info.plist; sourceTree = "<group>"; };
		56D5A2C025BC8BB1000951D5 /* HelloWorldForTVUITests.xctest */ = {isa = PBXFileReference; explicitFileType = wrapper.cfbundle; includeInIndex = 0; path = HelloWorldForTVUITests.xctest; sourceTree = BUILT_PRODUCTS_DIR; };
		56D5A2C425BC8BB1000951D5 /* HelloWorldForTVUITests.swift */ = {isa = PBXFileReference; lastKnownFileType = sourcecode.swift; path = HelloWorldForTVUITests.swift; sourceTree = "<group>"; };
		56D5A2C625BC8BB1000951D5 /* Info.plist */ = {isa = PBXFileReference; lastKnownFileType = text.plist.xml; path = Info.plist; sourceTree = "<group>"; };
/* End PBXFileReference section */

/* Begin PBXFrameworksBuildPhase section */
		56D5A2A125BC8BB0000951D5 /* Frameworks */ = {
			isa = PBXFrameworksBuildPhase;
			buildActionMask = 2147483647;
			files = (
			);
			runOnlyForDeploymentPostprocessing = 0;
		};
		56D5A2B225BC8BB1000951D5 /* Frameworks */ = {
			isa = PBXFrameworksBuildPhase;
			buildActionMask = 2147483647;
			files = (
			);
			runOnlyForDeploymentPostprocessing = 0;
		};
		56D5A2BD25BC8BB1000951D5 /* Frameworks */ = {
			isa = PBXFrameworksBuildPhase;
			buildActionMask = 2147483647;
			files = (
			);
			runOnlyForDeploymentPostprocessing = 0;
		};
/* End PBXFrameworksBuildPhase section */

/* Begin PBXGroup section */
		56D5A29B25BC8BB0000951D5 = {
			isa = PBXGroup;
			children = (
				56D5A2A625BC8BB0000951D5 /* HelloWorldForTV */,
				56D5A2B825BC8BB1000951D5 /* HelloWorldForTVTests */,
				56D5A2C325BC8BB1000951D5 /* HelloWorldForTVUITests */,
				56D5A2A525BC8BB0000951D5 /* Products */,
			);
			sourceTree = "<group>";
		};
		56D5A2A525BC8BB0000951D5 /* Products */ = {
			isa = PBXGroup;
			children = (
				56D5A2A425BC8BB0000951D5 /* HelloWorldForTV.app */,
				56D5A2B525BC8BB1000951D5 /* HelloWorldForTVTests.xctest */,
				56D5A2C025BC8BB1000951D5 /* HelloWorldForTVUITests.xctest */,
			);
			name = Products;
			sourceTree = "<group>";
		};
		56D5A2A625BC8BB0000951D5 /* HelloWorldForTV */ = {
			isa = PBXGroup;
			children = (
				56D5A2A725BC8BB0000951D5 /* HelloWorldForTVApp.swift */,
				56D5A2A925BC8BB0000951D5 /* ContentView.swift */,
				56D5A2AB25BC8BB1000951D5 /* Assets.xcassets */,
				56D5A2B025BC8BB1000951D5 /* Info.plist */,
				56D5A2AD25BC8BB1000951D5 /* Preview Content */,
			);
			path = HelloWorldForTV;
			sourceTree = "<group>";
		};
		56D5A2AD25BC8BB1000951D5 /* Preview Content */ = {
			isa = PBXGroup;
			children = (
				56D5A2AE25BC8BB1000951D5 /* Preview Assets.xcassets */,
			);
			path = "Preview Content";
			sourceTree = "<group>";
		};
		56D5A2B825BC8BB1000951D5 /* HelloWorldForTVTests */ = {
			isa = PBXGroup;
			children = (
				56D5A2B925BC8BB1000951D5 /* HelloWorldForTVTests.swift */,
				56D5A2BB25BC8BB1000951D5 /* Info.plist */,
			);
			path = HelloWorldForTVTests;
			sourceTree = "<group>";
		};
		56D5A2C325BC8BB1000951D5 /* HelloWorldForTVUITests */ = {
			isa = PBXGroup;
			children = (
				56D5A2C425BC8BB1000951D5 /* HelloWorldForTVUITests.swift */,
				56D5A2C625BC8BB1000951D5 /* Info.plist */,
			);
			path = HelloWorldForTVUITests;
			sourceTree = "<group>";
		};
/* End PBXGroup section */

/* Begin PBXNativeTarget section */
		56D5A2A325BC8BB0000951D5 /* HelloWorldForTV */ = {
			isa = PBXNativeTarget;
			buildConfigurationList = 56D5A2C925BC8BB1000951D5 /* Build configuration list for PBXNativeTarget "HelloWorldForTV" */;
			buildPhases = (
				56D5A2A025BC8BB0000951D5 /* Sources */,
				56D5A2A125BC8BB0000951D5 /* Frameworks */,
				56D5A2A225BC8BB0000951D5 /* Resources */,
			);
			buildRules = (
			);
			dependencies = (
			);
			name = HelloWorldForTV;
			productName = HelloWorldForTV;
			productReference = 56D5A2A425BC8BB0000951D5 /* HelloWorldForTV.app */;
			productType = "com.apple.product-type.application";
		};
		56D5A2B425BC8BB1000951D5 /* HelloWorldForTVTests */ = {
			isa = PBXNativeTarget;
			buildConfigurationList = 56D5A2CC25BC8BB1000951D5 /* Build configuration list for PBXNativeTarget "HelloWorldForTVTests" */;
			buildPhases = (
				56D5A2B125BC8BB1000951D5 /* Sources */,
				56D5A2B225BC8BB1000951D5 /* Frameworks */,
				56D5A2B325BC8BB1000951D5 /* Resources */,
			);
			buildRules = (
			);
			dependencies = (
				56D5A2B725BC8BB1000951D5 /* PBXTargetDependency */,
			);
			name = HelloWorldForTVTests;
			productName = HelloWorldForTVTests;
			productReference = 56D5A2B525BC8BB1000951D5 /* HelloWorldForTVTests.xctest */;
			productType = "com.apple.product-type.bundle.unit-test";
		};
		56D5A2BF25BC8BB1000951D5 /* HelloWorldForTVUITests */ = {
			isa = PBXNativeTarget;
			buildConfigurationList = 56D5A2CF25BC8BB1000951D5 /* Build configuration list for PBXNativeTarget "HelloWorldForTVUITests" */;
			buildPhases = (
				56D5A2BC25BC8BB1000951D5 /* Sources */,
				56D5A2BD25BC8BB1000951D5 /* Frameworks */,
				56D5A2BE25BC8BB1000951D5 /* Resources */,
			);
			buildRules = (
			);
			dependencies = (
				56D5A2C225BC8BB1000951D5 /* PBXTargetDependency */,
			);
			name = HelloWorldForTVUITests;
			productName = HelloWorldForTVUITests;
			productReference = 56D5A2C025BC8BB1000951D5 /* HelloWorldForTVUITests.xctest */;
			productType = "com.apple.product-type.bundle.ui-testing";
		};
/* End PBXNativeTarget section */

/* Begin PBXProject section */
		56D5A29C25BC8BB0000951D5 /* Project object */ = {
			isa = PBXProject;
			attributes = {
				LastSwiftUpdateCheck = 1230;
				LastUpgradeCheck = 1230;
				TargetAttributes = {
					56D5A2A325BC8BB0000951D5 = {
						CreatedOnToolsVersion = 12.3;
					};
					56D5A2B425BC8BB1000951D5 = {
						CreatedOnToolsVersion = 12.3;
						TestTargetID = 56D5A2A325BC8BB0000951D5;
					};
					56D5A2BF25BC8BB1000951D5 = {
						CreatedOnToolsVersion = 12.3;
						TestTargetID = 56D5A2A325BC8BB0000951D5;
					};
				};
			};
			buildConfigurationList = 56D5A29F25BC8BB0000951D5 /* Build configuration list for PBXProject "HelloWorldForTV" */;
			compatibilityVersion = "Xcode 9.3";
			developmentRegion = en;
			hasScannedForEncodings = 0;
			knownRegions = (
				en,
				Base,
			);
			mainGroup = 56D5A29B25BC8BB0000951D5;
			productRefGroup = 56D5A2A525BC8BB0000951D5 /* Products */;
			projectDirPath = "";
			projectRoot = "";
			targets = (
				56D5A2A325BC8BB0000951D5 /* HelloWorldForTV */,
				56D5A2B425BC8BB1000951D5 /* HelloWorldForTVTests */,
				56D5A2BF25BC8BB1000951D5 /* HelloWorldForTVUITests */,
			);
		};
/* End PBXProject section */

/* Begin PBXResourcesBuildPhase section */
		56D5A2A225BC8BB0000951D5 /* Resources */ = {
			isa = PBXResourcesBuildPhase;
			buildActionMask = 2147483647;
			files = (
				56D5A2AF25BC8BB1000951D5 /* Preview Assets.xcassets in Resources */,
				56D5A2AC25BC8BB1000951D5 /* Assets.xcassets in Resources */,
			);
			runOnlyForDeploymentPostprocessing = 0;
		};
		56D5A2B325BC8BB1000951D5 /* Resources */ = {
			isa = PBXResourcesBuildPhase;
			buildActionMask = 2147483647;
			files = (
			);
			runOnlyForDeploymentPostprocessing = 0;
		};
		56D5A2BE25BC8BB1000951D5 /* Resources */ = {
			isa = PBXResourcesBuildPhase;
			buildActionMask = 2147483647;
			files = (
			);
			runOnlyForDeploymentPostprocessing = 0;
		};
/* End PBXResourcesBuildPhase section */

/* Begin PBXSourcesBuildPhase section */
		56D5A2A025BC8BB0000951D5 /* Sources */ = {
			isa = PBXSourcesBuildPhase;
			buildActionMask = 2147483647;
			files = (
				56D5A2AA25BC8BB0000951D5 /* ContentView.swift in Sources */,
				56D5A2A825BC8BB0000951D5 /* HelloWorldForTVApp.swift in Sources */,
			);
			runOnlyForDeploymentPostprocessing = 0;
		};
		56D5A2B125BC8BB1000951D5 /* Sources */ = {
			isa = PBXSourcesBuildPhase;
			buildActionMask = 2147483647;
			files = (
				56D5A2BA25BC8BB1000951D5 /* HelloWorldForTVTests.swift in Sources */,
			);
			runOnlyForDeploymentPostprocessing = 0;
		};
		56D5A2BC25BC8BB1000951D5 /* Sources */ = {
			isa = PBXSourcesBuildPhase;
			buildActionMask = 2147483647;
			files = (
				56D5A2C525BC8BB1000951D5 /* HelloWorldForTVUITests.swift in Sources */,
			);
			runOnlyForDeploymentPostprocessing = 0;
		};
/* End PBXSourcesBuildPhase section */

/* Begin PBXTargetDependency section */
		56D5A2B725BC8BB1000951D5 /* PBXTargetDependency */ = {
			isa = PBXTargetDependency;
			target = 56D5A2A325BC8BB0000951D5 /* HelloWorldForTV */;
			targetProxy = 56D5A2B625BC8BB1000951D5 /* PBXContainerItemProxy */;
		};
		56D5A2C225BC8BB1000951D5 /* PBXTargetDependency */ = {
			isa = PBXTargetDependency;
			target = 56D5A2A325BC8BB0000951D5 /* HelloWorldForTV */;
			targetProxy = 56D5A2C125BC8BB1000951D5 /* PBXContainerItemProxy */;
		};
/* End PBXTargetDependency section */

/* Begin XCBuildConfiguration section */
		56D5A2C725BC8BB1000951D5 /* Debug */ = {
			isa = XCBuildConfiguration;
			buildSettings = {
				ALWAYS_SEARCH_USER_PATHS = NO;
				CLANG_ANALYZER_NONNULL = YES;
				CLANG_ANALYZER_NUMBER_OBJECT_CONVERSION = YES_AGGRESSIVE;
				CLANG_CXX_LANGUAGE_STANDARD = "gnu++14";
				CLANG_CXX_LIBRARY = "libc++";
				CLANG_ENABLE_MODULES = YES;
				CLANG_ENABLE_OBJC_ARC = YES;
				CLANG_ENABLE_OBJC_WEAK = YES;
				CLANG_WARN_BLOCK_CAPTURE_AUTORELEASING = YES;
				CLANG_WARN_BOOL_CONVERSION = YES;
				CLANG_WARN_COMMA = YES;
				CLANG_WARN_CONSTANT_CONVERSION = YES;
				CLANG_WARN_DEPRECATED_OBJC_IMPLEMENTATIONS = YES;
				CLANG_WARN_DIRECT_OBJC_ISA_USAGE = YES_ERROR;
				CLANG_WARN_DOCUMENTATION_COMMENTS = YES;
				CLANG_WARN_EMPTY_BODY = YES;
				CLANG_WARN_ENUM_CONVERSION = YES;
				CLANG_WARN_INFINITE_RECURSION = YES;
				CLANG_WARN_INT_CONVERSION = YES;
				CLANG_WARN_NON_LITERAL_NULL_CONVERSION = YES;
				CLANG_WARN_OBJC_IMPLICIT_RETAIN_SELF = YES;
				CLANG_WARN_OBJC_LITERAL_CONVERSION = YES;
				CLANG_WARN_OBJC_ROOT_CLASS = YES_ERROR;
				CLANG_WARN_QUOTED_INCLUDE_IN_FRAMEWORK_HEADER = YES;
				CLANG_WARN_RANGE_LOOP_ANALYSIS = YES;
				CLANG_WARN_STRICT_PROTOTYPES = YES;
				CLANG_WARN_SUSPICIOUS_MOVE = YES;
				CLANG_WARN_UNGUARDED_AVAILABILITY = YES_AGGRESSIVE;
				CLANG_WARN_UNREACHABLE_CODE = YES;
				CLANG_WARN__DUPLICATE_METHOD_MATCH = YES;
				COPY_PHASE_STRIP = NO;
				DEBUG_INFORMATION_FORMAT = dwarf;
				ENABLE_STRICT_OBJC_MSGSEND = YES;
				ENABLE_TESTABILITY = YES;
				GCC_C_LANGUAGE_STANDARD = gnu11;
				GCC_DYNAMIC_NO_PIC = NO;
				GCC_NO_COMMON_BLOCKS = YES;
				GCC_OPTIMIZATION_LEVEL = 0;
				GCC_PREPROCESSOR_DEFINITIONS = (
					"DEBUG=1",
					"$(inherited)",
				);
				GCC_WARN_64_TO_32_BIT_CONVERSION = YES;
				GCC_WARN_ABOUT_RETURN_TYPE = YES_ERROR;
				GCC_WARN_UNDECLARED_SELECTOR = YES;
				GCC_WARN_UNINITIALIZED_AUTOS = YES_AGGRESSIVE;
				GCC_WARN_UNUSED_FUNCTION = YES;
				GCC_WARN_UNUSED_VARIABLE = YES;
				MTL_ENABLE_DEBUG_INFO = INCLUDE_SOURCE;
				MTL_FAST_MATH = YES;
				ONLY_ACTIVE_ARCH = YES;
				SDKROOT = appletvos;
				SWIFT_ACTIVE_COMPILATION_CONDITIONS = DEBUG;
				SWIFT_OPTIMIZATION_LEVEL = "-Onone";
				TVOS_DEPLOYMENT_TARGET = 14.3;
			};
			name = Debug;
		};
		56D5A2C825BC8BB1000951D5 /* Release */ = {
			isa = XCBuildConfiguration;
			buildSettings = {
				ALWAYS_SEARCH_USER_PATHS = NO;
				CLANG_ANALYZER_NONNULL = YES;
				CLANG_ANALYZER_NUMBER_OBJECT_CONVERSION = YES_AGGRESSIVE;
				CLANG_CXX_LANGUAGE_STANDARD = "gnu++14";
				CLANG_CXX_LIBRARY = "libc++";
				CLANG_ENABLE_MODULES = YES;
				CLANG_ENABLE_OBJC_ARC = YES;
				CLANG_ENABLE_OBJC_WEAK = YES;
				CLANG_WARN_BLOCK_CAPTURE_AUTORELEASING = YES;
				CLANG_WARN_BOOL_CONVERSION = YES;
				CLANG_WARN_COMMA = YES;
				CLANG_WARN_CONSTANT_CONVERSION = YES;
				CLANG_WARN_DEPRECATED_OBJC_IMPLEMENTATIONS = YES;
				CLANG_WARN_DIRECT_OBJC_ISA_USAGE = YES_ERROR;
				CLANG_WARN_DOCUMENTATION_COMMENTS = YES;
				CLANG_WARN_EMPTY_BODY = YES;
				CLANG_WARN_ENUM_CONVERSION = YES;
				CLANG_WARN_INFINITE_RECURSION = YES;
				CLANG_WARN_INT_CONVERSION = YES;
				CLANG_WARN_NON_LITERAL_NULL_CONVERSION = YES;
				CLANG_WARN_OBJC_IMPLICIT_RETAIN_SELF = YES;
				CLANG_WARN_OBJC_LITERAL_CONVERSION = YES;
				CLANG_WARN_OBJC_ROOT_CLASS = YES_ERROR;
				CLANG_WARN_QUOTED_INCLUDE_IN_FRAMEWORK_HEADER = YES;
				CLANG_WARN_RANGE_LOOP_ANALYSIS = YES;
				CLANG_WARN_STRICT_PROTOTYPES = YES;
				CLANG_WARN_SUSPICIOUS_MOVE = YES;
				CLANG_WARN_UNGUARDED_AVAILABILITY = YES_AGGRESSIVE;
				CLANG_WARN_UNREACHABLE_CODE = YES;
				CLANG_WARN__DUPLICATE_METHOD_MATCH = YES;
				COPY_PHASE_STRIP = NO;
				DEBUG_INFORMATION_FORMAT = "dwarf-with-dsym";
				ENABLE_NS_ASSERTIONS = NO;
				ENABLE_STRICT_OBJC_MSGSEND = YES;
				GCC_C_LANGUAGE_STANDARD = gnu11;
				GCC_NO_COMMON_BLOCKS = YES;
				GCC_WARN_64_TO_32_BIT_CONVERSION = YES;
				GCC_WARN_ABOUT_RETURN_TYPE = YES_ERROR;
				GCC_WARN_UNDECLARED_SELECTOR = YES;
				GCC_WARN_UNINITIALIZED_AUTOS = YES_AGGRESSIVE;
				GCC_WARN_UNUSED_FUNCTION = YES;
				GCC_WARN_UNUSED_VARIABLE = YES;
				MTL_ENABLE_DEBUG_INFO = NO;
				MTL_FAST_MATH = YES;
				SDKROOT = appletvos;
				SWIFT_COMPILATION_MODE = wholemodule;
				SWIFT_OPTIMIZATION_LEVEL = "-O";
				TVOS_DEPLOYMENT_TARGET = 14.3;
				VALIDATE_PRODUCT = YES;
			};
			name = Release;
		};
		56D5A2CA25BC8BB1000951D5 /* Debug */ = {
			isa = XCBuildConfiguration;
			buildSettings = {
				ASSETCATALOG_COMPILER_APPICON_NAME = "App Icon & Top Shelf Image";
				ASSETCATALOG_COMPILER_GLOBAL_ACCENT_COLOR_NAME = AccentColor;
				CODE_SIGN_STYLE = Automatic;
				DEVELOPMENT_ASSET_PATHS = "\"HelloWorldForTV/Preview Content\"";
				DEVELOPMENT_TEAM = F6KDBC2B2W;
				ENABLE_PREVIEWS = YES;
				INFOPLIST_FILE = HelloWorldForTV/Info.plist;
				LD_RUNPATH_SEARCH_PATHS = (
					"$(inherited)",
					"@executable_path/Frameworks",
				);
				PRODUCT_BUNDLE_IDENTIFIER = com.uzupis.HelloWorldForTV;
				PRODUCT_NAME = "$(TARGET_NAME)";
				SWIFT_VERSION = 5.0;
				TARGETED_DEVICE_FAMILY = 3;
				TVOS_DEPLOYMENT_TARGET = 14.0;
			};
			name = Debug;
		};
		56D5A2CB25BC8BB1000951D5 /* Release */ = {
			isa = XCBuildConfiguration;
			buildSettings = {
				ASSETCATALOG_COMPILER_APPICON_NAME = "App Icon & Top Shelf Image";
				ASSETCATALOG_COMPILER_GLOBAL_ACCENT_COLOR_NAME = AccentColor;
				CODE_SIGN_STYLE = Automatic;
				DEVELOPMENT_ASSET_PATHS = "\"HelloWorldForTV/Preview Content\"";
				DEVELOPMENT_TEAM = F6KDBC2B2W;
				ENABLE_PREVIEWS = YES;
				INFOPLIST_FILE = HelloWorldForTV/Info.plist;
				LD_RUNPATH_SEARCH_PATHS = (
					"$(inherited)",
					"@executable_path/Frameworks",
				);
				PRODUCT_BUNDLE_IDENTIFIER = com.uzupis.HelloWorldForTV;
				PRODUCT_NAME = "$(TARGET_NAME)";
				SWIFT_VERSION = 5.0;
				TARGETED_DEVICE_FAMILY = 3;
				TVOS_DEPLOYMENT_TARGET = 14.0;
			};
			name = Release;
		};
		56D5A2CD25BC8BB1000951D5 /* Debug */ = {
			isa = XCBuildConfiguration;
			buildSettings = {
				ALWAYS_EMBED_SWIFT_STANDARD_LIBRARIES = YES;
				BUNDLE_LOADER = "$(TEST_HOST)";
				CODE_SIGN_STYLE = Automatic;
				DEVELOPMENT_TEAM = F6KDBC2B2W;
				INFOPLIST_FILE = HelloWorldForTVTests/Info.plist;
				LD_RUNPATH_SEARCH_PATHS = (
					"$(inherited)",
					"@executable_path/Frameworks",
					"@loader_path/Frameworks",
				);
				PRODUCT_BUNDLE_IDENTIFIER = com.uzupis.HelloWorldForTVTests;
				PRODUCT_NAME = "$(TARGET_NAME)";
				SWIFT_VERSION = 5.0;
				TARGETED_DEVICE_FAMILY = 3;
				TEST_HOST = "$(BUILT_PRODUCTS_DIR)/HelloWorldForTV.app/HelloWorldForTV";
				TVOS_DEPLOYMENT_TARGET = 14.0;
			};
			name = Debug;
		};
		56D5A2CE25BC8BB1000951D5 /* Release */ = {
			isa = XCBuildConfiguration;
			buildSettings = {
				ALWAYS_EMBED_SWIFT_STANDARD_LIBRARIES = YES;
				BUNDLE_LOADER = "$(TEST_HOST)";
				CODE_SIGN_STYLE = Automatic;
				DEVELOPMENT_TEAM = F6KDBC2B2W;
				INFOPLIST_FILE = HelloWorldForTVTests/Info.plist;
				LD_RUNPATH_SEARCH_PATHS = (
					"$(inherited)",
					"@executable_path/Frameworks",
					"@loader_path/Frameworks",
				);
				PRODUCT_BUNDLE_IDENTIFIER = com.uzupis.HelloWorldForTVTests;
				PRODUCT_NAME = "$(TARGET_NAME)";
				SWIFT_VERSION = 5.0;
				TARGETED_DEVICE_FAMILY = 3;
				TEST_HOST = "$(BUILT_PRODUCTS_DIR)/HelloWorldForTV.app/HelloWorldForTV";
				TVOS_DEPLOYMENT_TARGET = 14.0;
			};
			name = Release;
		};
		56D5A2D025BC8BB1000951D5 /* Debug */ = {
			isa = XCBuildConfiguration;
			buildSettings = {
				ALWAYS_EMBED_SWIFT_STANDARD_LIBRARIES = YES;
				CODE_SIGN_STYLE = Automatic;
				DEVELOPMENT_TEAM = F6KDBC2B2W;
				INFOPLIST_FILE = HelloWorldForTVUITests/Info.plist;
				LD_RUNPATH_SEARCH_PATHS = (
					"$(inherited)",
					"@executable_path/Frameworks",
					"@loader_path/Frameworks",
				);
				PRODUCT_BUNDLE_IDENTIFIER = com.uzupis.HelloWorldForTVUITests;
				PRODUCT_NAME = "$(TARGET_NAME)";
				SWIFT_VERSION = 5.0;
				TARGETED_DEVICE_FAMILY = 3;
				TEST_TARGET_NAME = HelloWorldForTV;
			};
			name = Debug;
		};
		56D5A2D125BC8BB1000951D5 /* Release */ = {
			isa = XCBuildConfiguration;
			buildSettings = {
				ALWAYS_EMBED_SWIFT_STANDARD_LIBRARIES = YES;
				CODE_SIGN_STYLE = Automatic;
				DEVELOPMENT_TEAM = F6KDBC2B2W;
				INFOPLIST_FILE = HelloWorldForTVUITests/Info.plist;
				LD_RUNPATH_SEARCH_PATHS = (
					"$(inherited)",
					"@executable_path/Frameworks",
					"@loader_path/Frameworks",
				);
				PRODUCT_BUNDLE_IDENTIFIER = com.uzupis.HelloWorldForTVUITests;
				PRODUCT_NAME = "$(TARGET_NAME)";
				SWIFT_VERSION = 5.0;
				TARGETED_DEVICE_FAMILY = 3;
				TEST_TARGET_NAME = HelloWorldForTV;
			};
			name = Release;
		};
/* End XCBuildConfiguration section */

/* Begin XCConfigurationList section */
		56D5A29F25BC8BB0000951D5 /* Build configuration list for PBXProject "HelloWorldForTV" */ = {
			isa = XCConfigurationList;
			buildConfigurations = (
				56D5A2C725BC8BB1000951D5 /* Debug */,
				56D5A2C825BC8BB1000951D5 /* Release */,
			);
			defaultConfigurationIsVisible = 0;
			defaultConfigurationName = Release;
		};
		56D5A2C925BC8BB1000951D5 /* Build configuration list for PBXNativeTarget "HelloWorldForTV" */ = {
			isa = XCConfigurationList;
			buildConfigurations = (
				56D5A2CA25BC8BB1000951D5 /* Debug */,
				56D5A2CB25BC8BB1000951D5 /* Release */,
			);
			defaultConfigurationIsVisible = 0;
			defaultConfigurationName = Release;
		};
		56D5A2CC25BC8BB1000951D5 /* Build configuration list for PBXNativeTarget "HelloWorldForTVTests" */ = {
			isa = XCConfigurationList;
			buildConfigurations = (
				56D5A2CD25BC8BB1000951D5 /* Debug */,
				56D5A2CE25BC8BB1000951D5 /* Release */,
			);
			defaultConfigurationIsVisible = 0;
			defaultConfigurationName = Release;
		};
		56D5A2CF25BC8BB1000951D5 /* Build configuration list for PBXNativeTarget "HelloWorldForTVUITests" */ = {
			isa = XCConfigurationList;
			buildConfigurations = (
				56D5A2D025BC8BB1000951D5 /* Debug */,
				56D5A2D125BC8BB1000951D5 /* Release */,
			);
			defaultConfigurationIsVisible = 0;
			defaultConfigurationName = Release;
		};
/* End XCConfigurationList section */
	};
	rootObject = 56D5A29C25BC8BB0000951D5 /* Project object */;
}
